
Microsoft Visual Studio Solution File, Format Version 12.00
# Visual Studio Version 17
VisualStudioVersion = 17.11.35303.130
MinimumVisualStudioVersion = 10.0.40219.1
Project("{FAE04EC0-301F-11D3-BF4B-00C04F79EFBC}") = "Banking.Console", "Banking.Console\Banking.Console.csproj", "{8A1E8EAD-5E20-4F1E-A355-11431BE25933}"
EndProject
Project("{FAE04EC0-301F-11D3-BF4B-00C04F79EFBC}") = "Banking.Domain", "Banking.Domain\Banking.Domain.csproj", "{24FF0E52-E74F-4EED-B990-1796D9488DB9}"
EndProject
Project("{FAE04EC0-301F-11D3-BF4B-00C04F79EFBC}") = "Banking.Test1", "Unit.Test1\Banking.Test1.csproj", "{3965353A-DF6C-43E9-AF17-CF51AAA318A7}"
EndProject
Global
	GlobalSection(SolutionConfigurationPlatforms) = preSolution
		Debug|Any CPU = Debug|Any CPU
		Release|Any CPU = Release|Any CPU
	EndGlobalSection
	GlobalSection(ProjectConfigurationPlatforms) = postSolution
		{8A1E8EAD-5E20-4F1E-A355-11431BE25933}.Debug|Any CPU.ActiveCfg = Debug|Any CPU
		{8A1E8EAD-5E20-4F1E-A355-11431BE25933}.Debug|Any CPU.Build.0 = Debug|Any CPU
		{8A1E8EAD-5E20-4F1E-A355-11431BE25933}.Release|Any CPU.ActiveCfg = Release|Any CPU
		{8A1E8EAD-5E20-4F1E-A355-11431BE25933}.Release|Any CPU.Build.0 = Release|Any CPU
		{24FF0E52-E74F-4EED-B990-1796D9488DB9}.Debug|Any CPU.ActiveCfg = Debug|Any CPU
		{24FF0E52-E74F-4EED-B990-1796D9488DB9}.Debug|Any CPU.Build.0 = Debug|Any CPU
		{24FF0E52-E74F-4EED-B990-1796D9488DB9}.Release|Any CPU.ActiveCfg = Release|Any CPU
		{24FF0E52-E74F-4EED-B990-1796D9488DB9}.Release|Any CPU.Build.0 = Release|Any CPU
		{3965353A-DF6C-43E9-AF17-CF51AAA318A7}.Debug|Any CPU.ActiveCfg = Debug|Any CPU
		{3965353A-DF6C-43E9-AF17-CF51AAA318A7}.Debug|Any CPU.Build.0 = Debug|Any CPU
		{3965353A-DF6C-43E9-AF17-CF51AAA318A7}.Release|Any CPU.ActiveCfg = Release|Any CPU
		{3965353A-DF6C-43E9-AF17-CF51AAA318A7}.Release|Any CPU.Build.0 = Release|Any CPU
	EndGlobalSection
	GlobalSection(SolutionProperties) = preSolution
		HideSolutionNode = FALSE
	EndGlobalSection
	GlobalSection(ExtensibilityGlobals) = postSolution
		SolutionGuid = {A9040CBC-C1B4-4A6C-94F7-F0E7138FB0B7}
	EndGlobalSection
EndGlobal
